// !$*UTF8*$!
{
	archiveVersion = 1;
	classes = {
	};
	objectVersion = 56;
	objects = {

/* Begin PBXBuildFile section */
		6CCE9CF72B51B4E000F12F9C /* AppDelegate.swift in Sources */ = {isa = PBXBuildFile; fileRef = 6CCE9CF62B51B4E000F12F9C /* AppDelegate.swift */; };
		6CCE9CF92B51B4E000F12F9C /* SceneDelegate.swift in Sources */ = {isa = PBXBuildFile; fileRef = 6CCE9CF82B51B4E000F12F9C /* SceneDelegate.swift */; };
		6CCE9CFB2B51B4E000F12F9C /* PersonViewController.swift in Sources */ = {isa = PBXBuildFile; fileRef = 6CCE9CFA2B51B4E000F12F9C /* PersonViewController.swift */; };
		6CCE9CFE2B51B4E000F12F9C /* Main.storyboard in Resources */ = {isa = PBXBuildFile; fileRef = 6CCE9CFC2B51B4E000F12F9C /* Main.storyboard */; };
		6CCE9D002B51B4E200F12F9C /* Assets.xcassets in Resources */ = {isa = PBXBuildFile; fileRef = 6CCE9CFF2B51B4E200F12F9C /* Assets.xcassets */; };
		6CCE9D032B51B4E200F12F9C /* LaunchScreen.storyboard in Resources */ = {isa = PBXBuildFile; fileRef = 6CCE9D012B51B4E200F12F9C /* LaunchScreen.storyboard */; };
		6CCE9D0E2B51B4E200F12F9C /* CourseChallengeTabBarTests.swift in Sources */ = {isa = PBXBuildFile; fileRef = 6CCE9D0D2B51B4E200F12F9C /* CourseChallengeTabBarTests.swift */; };
		6CCE9D182B51B4E200F12F9C /* CourseChallengeTabBarUITests.swift in Sources */ = {isa = PBXBuildFile; fileRef = 6CCE9D172B51B4E200F12F9C /* CourseChallengeTabBarUITests.swift */; };
		6CCE9D1A2B51B4E200F12F9C /* CourseChallengeTabBarUITestsLaunchTests.swift in Sources */ = {isa = PBXBuildFile; fileRef = 6CCE9D192B51B4E200F12F9C /* CourseChallengeTabBarUITestsLaunchTests.swift */; };
		6CCE9D272B51B6CC00F12F9C /* PhoneViewController.swift in Sources */ = {isa = PBXBuildFile; fileRef = 6CCE9D262B51B6CC00F12F9C /* PhoneViewController.swift */; };
		6CCE9D292B51B6FB00F12F9C /* TrashViewController.swift in Sources */ = {isa = PBXBuildFile; fileRef = 6CCE9D282B51B6FB00F12F9C /* TrashViewController.swift */; };
		6CCE9D2B2B51B88200F12F9C /* TabBarViewController.swift in Sources */ = {isa = PBXBuildFile; fileRef = 6CCE9D2A2B51B88200F12F9C /* TabBarViewController.swift */; };
		6CCE9D332B51CD0200F12F9C /* CustomTableViewCell.swift in Sources */ = {isa = PBXBuildFile; fileRef = 6CCE9D312B51CD0200F12F9C /* CustomTableViewCell.swift */; };
		6CCE9D342B51CD0200F12F9C /* CustomTableViewCell.xib in Resources */ = {isa = PBXBuildFile; fileRef = 6CCE9D322B51CD0200F12F9C /* CustomTableViewCell.xib */; };
		6CCE9D372B51D3E400F12F9C /* UserData.swift in Sources */ = {isa = PBXBuildFile; fileRef = 6CCE9D362B51D3E400F12F9C /* UserData.swift */; };
		6CCE9D392B5AAAC200F12F9C /* Camera.swift in Sources */ = {isa = PBXBuildFile; fileRef = 6CCE9D382B5AAAC200F12F9C /* Camera.swift */; };
		CCEBD1C82B5DBDB300A2A3ED /* Alert.swift in Sources */ = {isa = PBXBuildFile; fileRef = CCEBD1C72B5DBDB300A2A3ED /* Alert.swift */; };
/* End PBXBuildFile section */

/* Begin PBXContainerItemProxy section */
		6CCE9D0A2B51B4E200F12F9C /* PBXContainerItemProxy */ = {
			isa = PBXContainerItemProxy;
			containerPortal = 6CCE9CEB2B51B4DF00F12F9C /* Project object */;
			proxyType = 1;
			remoteGlobalIDString = 6CCE9CF22B51B4E000F12F9C;
			remoteInfo = CourseChallengeTabBar;
		};
		6CCE9D142B51B4E200F12F9C /* PBXContainerItemProxy */ = {
			isa = PBXContainerItemProxy;
			containerPortal = 6CCE9CEB2B51B4DF00F12F9C /* Project object */;
			proxyType = 1;
			remoteGlobalIDString = 6CCE9CF22B51B4E000F12F9C;
			remoteInfo = CourseChallengeTabBar;
		};
/* End PBXContainerItemProxy section */

/* Begin PBXFileReference section */
		6CCE9CF32B51B4E000F12F9C /* CourseChallengeTabBar.app */ = {isa = PBXFileReference; explicitFileType = wrapper.application; includeInIndex = 0; path = CourseChallengeTabBar.app; sourceTree = BUILT_PRODUCTS_DIR; };
		6CCE9CF62B51B4E000F12F9C /* AppDelegate.swift */ = {isa = PBXFileReference; lastKnownFileType = sourcecode.swift; path = AppDelegate.swift; sourceTree = "<group>"; };
		6CCE9CF82B51B4E000F12F9C /* SceneDelegate.swift */ = {isa = PBXFileReference; lastKnownFileType = sourcecode.swift; path = SceneDelegate.swift; sourceTree = "<group>"; };
		6CCE9CFA2B51B4E000F12F9C /* PersonViewController.swift */ = {isa = PBXFileReference; lastKnownFileType = sourcecode.swift; path = PersonViewController.swift; sourceTree = "<group>"; };
		6CCE9CFD2B51B4E000F12F9C /* Base */ = {isa = PBXFileReference; lastKnownFileType = file.storyboard; name = Base; path = Base.lproj/Main.storyboard; sourceTree = "<group>"; };
		6CCE9CFF2B51B4E200F12F9C /* Assets.xcassets */ = {isa = PBXFileReference; lastKnownFileType = folder.assetcatalog; path = Assets.xcassets; sourceTree = "<group>"; };
		6CCE9D022B51B4E200F12F9C /* Base */ = {isa = PBXFileReference; lastKnownFileType = file.storyboard; name = Base; path = Base.lproj/LaunchScreen.storyboard; sourceTree = "<group>"; };
		6CCE9D042B51B4E200F12F9C /* Info.plist */ = {isa = PBXFileReference; lastKnownFileType = text.plist.xml; path = Info.plist; sourceTree = "<group>"; };
		6CCE9D092B51B4E200F12F9C /* CourseChallengeTabBarTests.xctest */ = {isa = PBXFileReference; explicitFileType = wrapper.cfbundle; includeInIndex = 0; path = CourseChallengeTabBarTests.xctest; sourceTree = BUILT_PRODUCTS_DIR; };
		6CCE9D0D2B51B4E200F12F9C /* CourseChallengeTabBarTests.swift */ = {isa = PBXFileReference; lastKnownFileType = sourcecode.swift; path = CourseChallengeTabBarTests.swift; sourceTree = "<group>"; };
		6CCE9D132B51B4E200F12F9C /* CourseChallengeTabBarUITests.xctest */ = {isa = PBXFileReference; explicitFileType = wrapper.cfbundle; includeInIndex = 0; path = CourseChallengeTabBarUITests.xctest; sourceTree = BUILT_PRODUCTS_DIR; };
		6CCE9D172B51B4E200F12F9C /* CourseChallengeTabBarUITests.swift */ = {isa = PBXFileReference; lastKnownFileType = sourcecode.swift; path = CourseChallengeTabBarUITests.swift; sourceTree = "<group>"; };
		6CCE9D192B51B4E200F12F9C /* CourseChallengeTabBarUITestsLaunchTests.swift */ = {isa = PBXFileReference; lastKnownFileType = sourcecode.swift; path = CourseChallengeTabBarUITestsLaunchTests.swift; sourceTree = "<group>"; };
		6CCE9D262B51B6CC00F12F9C /* PhoneViewController.swift */ = {isa = PBXFileReference; lastKnownFileType = sourcecode.swift; path = PhoneViewController.swift; sourceTree = "<group>"; };
		6CCE9D282B51B6FB00F12F9C /* TrashViewController.swift */ = {isa = PBXFileReference; lastKnownFileType = sourcecode.swift; path = TrashViewController.swift; sourceTree = "<group>"; };
		6CCE9D2A2B51B88200F12F9C /* TabBarViewController.swift */ = {isa = PBXFileReference; lastKnownFileType = sourcecode.swift; path = TabBarViewController.swift; sourceTree = "<group>"; };
		6CCE9D312B51CD0200F12F9C /* CustomTableViewCell.swift */ = {isa = PBXFileReference; lastKnownFileType = sourcecode.swift; path = CustomTableViewCell.swift; sourceTree = "<group>"; };
		6CCE9D322B51CD0200F12F9C /* CustomTableViewCell.xib */ = {isa = PBXFileReference; lastKnownFileType = file.xib; path = CustomTableViewCell.xib; sourceTree = "<group>"; };
		6CCE9D362B51D3E400F12F9C /* UserData.swift */ = {isa = PBXFileReference; lastKnownFileType = sourcecode.swift; path = UserData.swift; sourceTree = "<group>"; };
		6CCE9D382B5AAAC200F12F9C /* Camera.swift */ = {isa = PBXFileReference; lastKnownFileType = sourcecode.swift; path = Camera.swift; sourceTree = "<group>"; };
		CCEBD1C72B5DBDB300A2A3ED /* Alert.swift */ = {isa = PBXFileReference; lastKnownFileType = sourcecode.swift; path = Alert.swift; sourceTree = "<group>"; };
/* End PBXFileReference section */

/* Begin PBXFrameworksBuildPhase section */
		6CCE9CF02B51B4E000F12F9C /* Frameworks */ = {
			isa = PBXFrameworksBuildPhase;
			buildActionMask = 2147483647;
			files = (
			);
			runOnlyForDeploymentPostprocessing = 0;
		};
		6CCE9D062B51B4E200F12F9C /* Frameworks */ = {
			isa = PBXFrameworksBuildPhase;
			buildActionMask = 2147483647;
			files = (
			);
			runOnlyForDeploymentPostprocessing = 0;
		};
		6CCE9D102B51B4E200F12F9C /* Frameworks */ = {
			isa = PBXFrameworksBuildPhase;
			buildActionMask = 2147483647;
			files = (
			);
			runOnlyForDeploymentPostprocessing = 0;
		};
/* End PBXFrameworksBuildPhase section */

/* Begin PBXGroup section */
		6C67146E2B5B03B100E40AC0 /* View */ = {
			isa = PBXGroup;
			children = (
				6CCE9CFA2B51B4E000F12F9C /* PersonViewController.swift */,
				6CCE9D262B51B6CC00F12F9C /* PhoneViewController.swift */,
				6CCE9D282B51B6FB00F12F9C /* TrashViewController.swift */,
				6CCE9D2A2B51B88200F12F9C /* TabBarViewController.swift */,
			);
			path = View;
			sourceTree = "<group>";
		};
		6CCE9CEA2B51B4DF00F12F9C = {
			isa = PBXGroup;
			children = (
				6CCE9CF52B51B4E000F12F9C /* CourseChallengeTabBar */,
				6CCE9D0C2B51B4E200F12F9C /* CourseChallengeTabBarTests */,
				6CCE9D162B51B4E200F12F9C /* CourseChallengeTabBarUITests */,
				6CCE9CF42B51B4E000F12F9C /* Products */,
			);
			sourceTree = "<group>";
		};
		6CCE9CF42B51B4E000F12F9C /* Products */ = {
			isa = PBXGroup;
			children = (
				6CCE9CF32B51B4E000F12F9C /* CourseChallengeTabBar.app */,
				6CCE9D092B51B4E200F12F9C /* CourseChallengeTabBarTests.xctest */,
				6CCE9D132B51B4E200F12F9C /* CourseChallengeTabBarUITests.xctest */,
			);
			name = Products;
			sourceTree = "<group>";
		};
		6CCE9CF52B51B4E000F12F9C /* CourseChallengeTabBar */ = {
			isa = PBXGroup;
			children = (
				6CCE9D352B51D3CB00F12F9C /* Model */,
				6C67146E2B5B03B100E40AC0 /* View */,
				6CCE9D2C2B51CC7F00F12F9C /* CustomTableViewCell */,
				6CCE9CF62B51B4E000F12F9C /* AppDelegate.swift */,
				6CCE9CF82B51B4E000F12F9C /* SceneDelegate.swift */,
				6CCE9CFC2B51B4E000F12F9C /* Main.storyboard */,
				6CCE9CFF2B51B4E200F12F9C /* Assets.xcassets */,
				6CCE9D012B51B4E200F12F9C /* LaunchScreen.storyboard */,
				6CCE9D042B51B4E200F12F9C /* Info.plist */,
			);
			path = CourseChallengeTabBar;
			sourceTree = "<group>";
		};
		6CCE9D0C2B51B4E200F12F9C /* CourseChallengeTabBarTests */ = {
			isa = PBXGroup;
			children = (
				6CCE9D0D2B51B4E200F12F9C /* CourseChallengeTabBarTests.swift */,
			);
			path = CourseChallengeTabBarTests;
			sourceTree = "<group>";
		};
		6CCE9D162B51B4E200F12F9C /* CourseChallengeTabBarUITests */ = {
			isa = PBXGroup;
			children = (
				6CCE9D172B51B4E200F12F9C /* CourseChallengeTabBarUITests.swift */,
				6CCE9D192B51B4E200F12F9C /* CourseChallengeTabBarUITestsLaunchTests.swift */,
			);
			path = CourseChallengeTabBarUITests;
			sourceTree = "<group>";
		};
		6CCE9D2C2B51CC7F00F12F9C /* CustomTableViewCell */ = {
			isa = PBXGroup;
			children = (
				6CCE9D312B51CD0200F12F9C /* CustomTableViewCell.swift */,
				6CCE9D322B51CD0200F12F9C /* CustomTableViewCell.xib */,
			);
			path = CustomTableViewCell;
			sourceTree = "<group>";
		};
		6CCE9D352B51D3CB00F12F9C /* Model */ = {
			isa = PBXGroup;
			children = (
				6CCE9D362B51D3E400F12F9C /* UserData.swift */,
				6CCE9D382B5AAAC200F12F9C /* Camera.swift */,
				CCEBD1C72B5DBDB300A2A3ED /* Alert.swift */,
			);
			path = Model;
			sourceTree = "<group>";
		};
/* End PBXGroup section */

/* Begin PBXNativeTarget section */
		6CCE9CF22B51B4E000F12F9C /* CourseChallengeTabBar */ = {
			isa = PBXNativeTarget;
			buildConfigurationList = 6CCE9D1D2B51B4E200F12F9C /* Build configuration list for PBXNativeTarget "CourseChallengeTabBar" */;
			buildPhases = (
				6CCE9CEF2B51B4E000F12F9C /* Sources */,
				6CCE9CF02B51B4E000F12F9C /* Frameworks */,
				6CCE9CF12B51B4E000F12F9C /* Resources */,
			);
			buildRules = (
			);
			dependencies = (
			);
			name = CourseChallengeTabBar;
			productName = CourseChallengeTabBar;
			productReference = 6CCE9CF32B51B4E000F12F9C /* CourseChallengeTabBar.app */;
			productType = "com.apple.product-type.application";
		};
		6CCE9D082B51B4E200F12F9C /* CourseChallengeTabBarTests */ = {
			isa = PBXNativeTarget;
			buildConfigurationList = 6CCE9D202B51B4E200F12F9C /* Build configuration list for PBXNativeTarget "CourseChallengeTabBarTests" */;
			buildPhases = (
				6CCE9D052B51B4E200F12F9C /* Sources */,
				6CCE9D062B51B4E200F12F9C /* Frameworks */,
				6CCE9D072B51B4E200F12F9C /* Resources */,
			);
			buildRules = (
			);
			dependencies = (
				6CCE9D0B2B51B4E200F12F9C /* PBXTargetDependency */,
			);
			name = CourseChallengeTabBarTests;
			productName = CourseChallengeTabBarTests;
			productReference = 6CCE9D092B51B4E200F12F9C /* CourseChallengeTabBarTests.xctest */;
			productType = "com.apple.product-type.bundle.unit-test";
		};
		6CCE9D122B51B4E200F12F9C /* CourseChallengeTabBarUITests */ = {
			isa = PBXNativeTarget;
			buildConfigurationList = 6CCE9D232B51B4E200F12F9C /* Build configuration list for PBXNativeTarget "CourseChallengeTabBarUITests" */;
			buildPhases = (
				6CCE9D0F2B51B4E200F12F9C /* Sources */,
				6CCE9D102B51B4E200F12F9C /* Frameworks */,
				6CCE9D112B51B4E200F12F9C /* Resources */,
			);
			buildRules = (
			);
			dependencies = (
				6CCE9D152B51B4E200F12F9C /* PBXTargetDependency */,
			);
			name = CourseChallengeTabBarUITests;
			productName = CourseChallengeTabBarUITests;
			productReference = 6CCE9D132B51B4E200F12F9C /* CourseChallengeTabBarUITests.xctest */;
			productType = "com.apple.product-type.bundle.ui-testing";
		};
/* End PBXNativeTarget section */

/* Begin PBXProject section */
		6CCE9CEB2B51B4DF00F12F9C /* Project object */ = {
			isa = PBXProject;
			attributes = {
				BuildIndependentTargetsInParallel = 1;
				LastSwiftUpdateCheck = 1500;
				LastUpgradeCheck = 1500;
				TargetAttributes = {
					6CCE9CF22B51B4E000F12F9C = {
						CreatedOnToolsVersion = 15.0.1;
					};
					6CCE9D082B51B4E200F12F9C = {
						CreatedOnToolsVersion = 15.0.1;
						TestTargetID = 6CCE9CF22B51B4E000F12F9C;
					};
					6CCE9D122B51B4E200F12F9C = {
						CreatedOnToolsVersion = 15.0.1;
						TestTargetID = 6CCE9CF22B51B4E000F12F9C;
					};
				};
			};
			buildConfigurationList = 6CCE9CEE2B51B4DF00F12F9C /* Build configuration list for PBXProject "CourseChallengeTabBar" */;
			compatibilityVersion = "Xcode 14.0";
			developmentRegion = en;
			hasScannedForEncodings = 0;
			knownRegions = (
				en,
				Base,
			);
			mainGroup = 6CCE9CEA2B51B4DF00F12F9C;
			productRefGroup = 6CCE9CF42B51B4E000F12F9C /* Products */;
			projectDirPath = "";
			projectRoot = "";
			targets = (
				6CCE9CF22B51B4E000F12F9C /* CourseChallengeTabBar */,
				6CCE9D082B51B4E200F12F9C /* CourseChallengeTabBarTests */,
				6CCE9D122B51B4E200F12F9C /* CourseChallengeTabBarUITests */,
			);
		};
/* End PBXProject section */

/* Begin PBXResourcesBuildPhase section */
		6CCE9CF12B51B4E000F12F9C /* Resources */ = {
			isa = PBXResourcesBuildPhase;
			buildActionMask = 2147483647;
			files = (
				6CCE9D032B51B4E200F12F9C /* LaunchScreen.storyboard in Resources */,
				6CCE9D002B51B4E200F12F9C /* Assets.xcassets in Resources */,
				6CCE9D342B51CD0200F12F9C /* CustomTableViewCell.xib in Resources */,
				6CCE9CFE2B51B4E000F12F9C /* Main.storyboard in Resources */,
			);
			runOnlyForDeploymentPostprocessing = 0;
		};
		6CCE9D072B51B4E200F12F9C /* Resources */ = {
			isa = PBXResourcesBuildPhase;
			buildActionMask = 2147483647;
			files = (
			);
			runOnlyForDeploymentPostprocessing = 0;
		};
		6CCE9D112B51B4E200F12F9C /* Resources */ = {
			isa = PBXResourcesBuildPhase;
			buildActionMask = 2147483647;
			files = (
			);
			runOnlyForDeploymentPostprocessing = 0;
		};
/* End PBXResourcesBuildPhase section */

/* Begin PBXSourcesBuildPhase section */
		6CCE9CEF2B51B4E000F12F9C /* Sources */ = {
			isa = PBXSourcesBuildPhase;
			buildActionMask = 2147483647;
			files = (
				6CCE9CFB2B51B4E000F12F9C /* PersonViewController.swift in Sources */,
				CCEBD1C82B5DBDB300A2A3ED /* Alert.swift in Sources */,
				6CCE9D292B51B6FB00F12F9C /* TrashViewController.swift in Sources */,
				6CCE9D372B51D3E400F12F9C /* UserData.swift in Sources */,
				6CCE9D272B51B6CC00F12F9C /* PhoneViewController.swift in Sources */,
				6CCE9D332B51CD0200F12F9C /* CustomTableViewCell.swift in Sources */,
				6CCE9CF72B51B4E000F12F9C /* AppDelegate.swift in Sources */,
				6CCE9D2B2B51B88200F12F9C /* TabBarViewController.swift in Sources */,
				6CCE9CF92B51B4E000F12F9C /* SceneDelegate.swift in Sources */,
				6CCE9D392B5AAAC200F12F9C /* Camera.swift in Sources */,
			);
			runOnlyForDeploymentPostprocessing = 0;
		};
		6CCE9D052B51B4E200F12F9C /* Sources */ = {
			isa = PBXSourcesBuildPhase;
			buildActionMask = 2147483647;
			files = (
				6CCE9D0E2B51B4E200F12F9C /* CourseChallengeTabBarTests.swift in Sources */,
			);
			runOnlyForDeploymentPostprocessing = 0;
		};
		6CCE9D0F2B51B4E200F12F9C /* Sources */ = {
			isa = PBXSourcesBuildPhase;
			buildActionMask = 2147483647;
			files = (
				6CCE9D182B51B4E200F12F9C /* CourseChallengeTabBarUITests.swift in Sources */,
				6CCE9D1A2B51B4E200F12F9C /* CourseChallengeTabBarUITestsLaunchTests.swift in Sources */,
			);
			runOnlyForDeploymentPostprocessing = 0;
		};
/* End PBXSourcesBuildPhase section */

/* Begin PBXTargetDependency section */
		6CCE9D0B2B51B4E200F12F9C /* PBXTargetDependency */ = {
			isa = PBXTargetDependency;
			target = 6CCE9CF22B51B4E000F12F9C /* CourseChallengeTabBar */;
			targetProxy = 6CCE9D0A2B51B4E200F12F9C /* PBXContainerItemProxy */;
		};
		6CCE9D152B51B4E200F12F9C /* PBXTargetDependency */ = {
			isa = PBXTargetDependency;
			target = 6CCE9CF22B51B4E000F12F9C /* CourseChallengeTabBar */;
			targetProxy = 6CCE9D142B51B4E200F12F9C /* PBXContainerItemProxy */;
		};
/* End PBXTargetDependency section */

/* Begin PBXVariantGroup section */
		6CCE9CFC2B51B4E000F12F9C /* Main.storyboard */ = {
			isa = PBXVariantGroup;
			children = (
				6CCE9CFD2B51B4E000F12F9C /* Base */,
			);
			name = Main.storyboard;
			sourceTree = "<group>";
		};
		6CCE9D012B51B4E200F12F9C /* LaunchScreen.storyboard */ = {
			isa = PBXVariantGroup;
			children = (
				6CCE9D022B51B4E200F12F9C /* Base */,
			);
			name = LaunchScreen.storyboard;
			sourceTree = "<group>";
		};
/* End PBXVariantGroup section */

/* Begin XCBuildConfiguration section */
		6CCE9D1B2B51B4E200F12F9C /* Debug */ = {
			isa = XCBuildConfiguration;
			buildSettings = {
				ALWAYS_SEARCH_USER_PATHS = NO;
				ASSETCATALOG_COMPILER_GENERATE_SWIFT_ASSET_SYMBOL_EXTENSIONS = YES;
				CLANG_ANALYZER_NONNULL = YES;
				CLANG_ANALYZER_NUMBER_OBJECT_CONVERSION = YES_AGGRESSIVE;
				CLANG_CXX_LANGUAGE_STANDARD = "gnu++20";
				CLANG_ENABLE_MODULES = YES;
				CLANG_ENABLE_OBJC_ARC = YES;
				CLANG_ENABLE_OBJC_WEAK = YES;
				CLANG_WARN_BLOCK_CAPTURE_AUTORELEASING = YES;
				CLANG_WARN_BOOL_CONVERSION = YES;
				CLANG_WARN_COMMA = YES;
				CLANG_WARN_CONSTANT_CONVERSION = YES;
				CLANG_WARN_DEPRECATED_OBJC_IMPLEMENTATIONS = YES;
				CLANG_WARN_DIRECT_OBJC_ISA_USAGE = YES_ERROR;
				CLANG_WARN_DOCUMENTATION_COMMENTS = YES;
				CLANG_WARN_EMPTY_BODY = YES;
				CLANG_WARN_ENUM_CONVERSION = YES;
				CLANG_WARN_INFINITE_RECURSION = YES;
				CLANG_WARN_INT_CONVERSION = YES;
				CLANG_WARN_NON_LITERAL_NULL_CONVERSION = YES;
				CLANG_WARN_OBJC_IMPLICIT_RETAIN_SELF = YES;
				CLANG_WARN_OBJC_LITERAL_CONVERSION = YES;
				CLANG_WARN_OBJC_ROOT_CLASS = YES_ERROR;
				CLANG_WARN_QUOTED_INCLUDE_IN_FRAMEWORK_HEADER = YES;
				CLANG_WARN_RANGE_LOOP_ANALYSIS = YES;
				CLANG_WARN_STRICT_PROTOTYPES = YES;
				CLANG_WARN_SUSPICIOUS_MOVE = YES;
				CLANG_WARN_UNGUARDED_AVAILABILITY = YES_AGGRESSIVE;
				CLANG_WARN_UNREACHABLE_CODE = YES;
				CLANG_WARN__DUPLICATE_METHOD_MATCH = YES;
				COPY_PHASE_STRIP = NO;
				DEBUG_INFORMATION_FORMAT = dwarf;
				ENABLE_STRICT_OBJC_MSGSEND = YES;
				ENABLE_TESTABILITY = YES;
				ENABLE_USER_SCRIPT_SANDBOXING = YES;
				GCC_C_LANGUAGE_STANDARD = gnu17;
				GCC_DYNAMIC_NO_PIC = NO;
				GCC_NO_COMMON_BLOCKS = YES;
				GCC_OPTIMIZATION_LEVEL = 0;
				GCC_PREPROCESSOR_DEFINITIONS = (
					"DEBUG=1",
					"$(inherited)",
				);
				GCC_WARN_64_TO_32_BIT_CONVERSION = YES;
				GCC_WARN_ABOUT_RETURN_TYPE = YES_ERROR;
				GCC_WARN_UNDECLARED_SELECTOR = YES;
				GCC_WARN_UNINITIALIZED_AUTOS = YES_AGGRESSIVE;
				GCC_WARN_UNUSED_FUNCTION = YES;
				GCC_WARN_UNUSED_VARIABLE = YES;
				IPHONEOS_DEPLOYMENT_TARGET = 17.0;
				LOCALIZATION_PREFERS_STRING_CATALOGS = YES;
				MTL_ENABLE_DEBUG_INFO = INCLUDE_SOURCE;
				MTL_FAST_MATH = YES;
				ONLY_ACTIVE_ARCH = YES;
				SDKROOT = iphoneos;
				SWIFT_ACTIVE_COMPILATION_CONDITIONS = "DEBUG $(inherited)";
				SWIFT_OPTIMIZATION_LEVEL = "-Onone";
			};
			name = Debug;
		};
		6CCE9D1C2B51B4E200F12F9C /* Release */ = {
			isa = XCBuildConfiguration;
			buildSettings = {
				ALWAYS_SEARCH_USER_PATHS = NO;
				ASSETCATALOG_COMPILER_GENERATE_SWIFT_ASSET_SYMBOL_EXTENSIONS = YES;
				CLANG_ANALYZER_NONNULL = YES;
				CLANG_ANALYZER_NUMBER_OBJECT_CONVERSION = YES_AGGRESSIVE;
				CLANG_CXX_LANGUAGE_STANDARD = "gnu++20";
				CLANG_ENABLE_MODULES = YES;
				CLANG_ENABLE_OBJC_ARC = YES;
				CLANG_ENABLE_OBJC_WEAK = YES;
				CLANG_WARN_BLOCK_CAPTURE_AUTORELEASING = YES;
				CLANG_WARN_BOOL_CONVERSION = YES;
				CLANG_WARN_COMMA = YES;
				CLANG_WARN_CONSTANT_CONVERSION = YES;
				CLANG_WARN_DEPRECATED_OBJC_IMPLEMENTATIONS = YES;
				CLANG_WARN_DIRECT_OBJC_ISA_USAGE = YES_ERROR;
				CLANG_WARN_DOCUMENTATION_COMMENTS = YES;
				CLANG_WARN_EMPTY_BODY = YES;
				CLANG_WARN_ENUM_CONVERSION = YES;
				CLANG_WARN_INFINITE_RECURSION = YES;
				CLANG_WARN_INT_CONVERSION = YES;
				CLANG_WARN_NON_LITERAL_NULL_CONVERSION = YES;
				CLANG_WARN_OBJC_IMPLICIT_RETAIN_SELF = YES;
				CLANG_WARN_OBJC_LITERAL_CONVERSION = YES;
				CLANG_WARN_OBJC_ROOT_CLASS = YES_ERROR;
				CLANG_WARN_QUOTED_INCLUDE_IN_FRAMEWORK_HEADER = YES;
				CLANG_WARN_RANGE_LOOP_ANALYSIS = YES;
				CLANG_WARN_STRICT_PROTOTYPES = YES;
				CLANG_WARN_SUSPICIOUS_MOVE = YES;
				CLANG_WARN_UNGUARDED_AVAILABILITY = YES_AGGRESSIVE;
				CLANG_WARN_UNREACHABLE_CODE = YES;
				CLANG_WARN__DUPLICATE_METHOD_MATCH = YES;
				COPY_PHASE_STRIP = NO;
				DEBUG_INFORMATION_FORMAT = "dwarf-with-dsym";
				ENABLE_NS_ASSERTIONS = NO;
				ENABLE_STRICT_OBJC_MSGSEND = YES;
				ENABLE_USER_SCRIPT_SANDBOXING = YES;
				GCC_C_LANGUAGE_STANDARD = gnu17;
				GCC_NO_COMMON_BLOCKS = YES;
				GCC_WARN_64_TO_32_BIT_CONVERSION = YES;
				GCC_WARN_ABOUT_RETURN_TYPE = YES_ERROR;
				GCC_WARN_UNDECLARED_SELECTOR = YES;
				GCC_WARN_UNINITIALIZED_AUTOS = YES_AGGRESSIVE;
				GCC_WARN_UNUSED_FUNCTION = YES;
				GCC_WARN_UNUSED_VARIABLE = YES;
				IPHONEOS_DEPLOYMENT_TARGET = 17.0;
				LOCALIZATION_PREFERS_STRING_CATALOGS = YES;
				MTL_ENABLE_DEBUG_INFO = NO;
				MTL_FAST_MATH = YES;
				SDKROOT = iphoneos;
				SWIFT_COMPILATION_MODE = wholemodule;
				VALIDATE_PRODUCT = YES;
			};
			name = Release;
		};
		6CCE9D1E2B51B4E200F12F9C /* Debug */ = {
			isa = XCBuildConfiguration;
			buildSettings = {
				ASSETCATALOG_COMPILER_APPICON_NAME = AppIcon;
				ASSETCATALOG_COMPILER_GLOBAL_ACCENT_COLOR_NAME = AccentColor;
				CODE_SIGN_STYLE = Automatic;
				CURRENT_PROJECT_VERSION = 1;
				DEVELOPMENT_TEAM = J89XP6WQS5;
				GENERATE_INFOPLIST_FILE = YES;
				INFOPLIST_FILE = CourseChallengeTabBar/Info.plist;
				INFOPLIST_KEY_UIApplicationSupportsIndirectInputEvents = YES;
				INFOPLIST_KEY_UILaunchStoryboardName = LaunchScreen;
				INFOPLIST_KEY_UIMainStoryboardFile = Main;
				INFOPLIST_KEY_UISupportedInterfaceOrientations_iPad = "UIInterfaceOrientationPortrait UIInterfaceOrientationPortraitUpsideDown UIInterfaceOrientationLandscapeLeft UIInterfaceOrientationLandscapeRight";
				INFOPLIST_KEY_UISupportedInterfaceOrientations_iPhone = "UIInterfaceOrientationPortrait UIInterfaceOrientationLandscapeLeft UIInterfaceOrientationLandscapeRight";
				LD_RUNPATH_SEARCH_PATHS = (
					"$(inherited)",
					"@executable_path/Frameworks",
				);
				MARKETING_VERSION = 1.0;
				PRODUCT_BUNDLE_IDENTIFIER = First.CourseChallengeTabBar;
				PRODUCT_NAME = "$(TARGET_NAME)";
				SWIFT_EMIT_LOC_STRINGS = YES;
				SWIFT_VERSION = 5.0;
				TARGETED_DEVICE_FAMILY = "1,2";
			};
			name = Debug;
		};
		6CCE9D1F2B51B4E200F12F9C /* Release */ = {
			isa = XCBuildConfiguration;
			buildSettings = {
				ASSETCATALOG_COMPILER_APPICON_NAME = AppIcon;
				ASSETCATALOG_COMPILER_GLOBAL_ACCENT_COLOR_NAME = AccentColor;
				CODE_SIGN_STYLE = Automatic;
				CURRENT_PROJECT_VERSION = 1;
				DEVELOPMENT_TEAM = J89XP6WQS5;
				GENERATE_INFOPLIST_FILE = YES;
				INFOPLIST_FILE = CourseChallengeTabBar/Info.plist;
				INFOPLIST_KEY_UIApplicationSupportsIndirectInputEvents = YES;
				INFOPLIST_KEY_UILaunchStoryboardName = LaunchScreen;
				INFOPLIST_KEY_UIMainStoryboardFile = Main;
				INFOPLIST_KEY_UISupportedInterfaceOrientations_iPad = "UIInterfaceOrientationPortrait UIInterfaceOrientationPortraitUpsideDown UIInterfaceOrientationLandscapeLeft UIInterfaceOrientationLandscapeRight";
				INFOPLIST_KEY_UISupportedInterfaceOrientations_iPhone = "UIInterfaceOrientationPortrait UIInterfaceOrientationLandscapeLeft UIInterfaceOrientationLandscapeRight";
				LD_RUNPATH_SEARCH_PATHS = (
					"$(inherited)",
					"@executable_path/Frameworks",
				);
				MARKETING_VERSION = 1.0;
				PRODUCT_BUNDLE_IDENTIFIER = First.CourseChallengeTabBar;
				PRODUCT_NAME = "$(TARGET_NAME)";
				SWIFT_EMIT_LOC_STRINGS = YES;
				SWIFT_VERSION = 5.0;
				TARGETED_DEVICE_FAMILY = "1,2";
			};
			name = Release;
		};
		6CCE9D212B51B4E200F12F9C /* Debug */ = {
			isa = XCBuildConfiguration;
			buildSettings = {
				ALWAYS_EMBED_SWIFT_STANDARD_LIBRARIES = YES;
				BUNDLE_LOADER = "$(TEST_HOST)";
				CODE_SIGN_STYLE = Automatic;
				CURRENT_PROJECT_VERSION = 1;
				DEVELOPMENT_TEAM = J89XP6WQS5;
				GENERATE_INFOPLIST_FILE = YES;
				IPHONEOS_DEPLOYMENT_TARGET = 17.0;
				MARKETING_VERSION = 1.0;
				PRODUCT_BUNDLE_IDENTIFIER = First.CourseChallengeTabBarTests;
				PRODUCT_NAME = "$(TARGET_NAME)";
				SWIFT_EMIT_LOC_STRINGS = NO;
				SWIFT_VERSION = 5.0;
				TARGETED_DEVICE_FAMILY = "1,2";
				TEST_HOST = "$(BUILT_PRODUCTS_DIR)/CourseChallengeTabBar.app/$(BUNDLE_EXECUTABLE_FOLDER_PATH)/CourseChallengeTabBar";
			};
			name = Debug;
		};
		6CCE9D222B51B4E200F12F9C /* Release */ = {
			isa = XCBuildConfiguration;
			buildSettings = {
				ALWAYS_EMBED_SWIFT_STANDARD_LIBRARIES = YES;
				BUNDLE_LOADER = "$(TEST_HOST)";
				CODE_SIGN_STYLE = Automatic;
				CURRENT_PROJECT_VERSION = 1;
				DEVELOPMENT_TEAM = J89XP6WQS5;
				GENERATE_INFOPLIST_FILE = YES;
				IPHONEOS_DEPLOYMENT_TARGET = 17.0;
				MARKETING_VERSION = 1.0;
				PRODUCT_BUNDLE_IDENTIFIER = First.CourseChallengeTabBarTests;
				PRODUCT_NAME = "$(TARGET_NAME)";
				SWIFT_EMIT_LOC_STRINGS = NO;
				SWIFT_VERSION = 5.0;
				TARGETED_DEVICE_FAMILY = "1,2";
				TEST_HOST = "$(BUILT_PRODUCTS_DIR)/CourseChallengeTabBar.app/$(BUNDLE_EXECUTABLE_FOLDER_PATH)/CourseChallengeTabBar";
			};
			name = Release;
		};
		6CCE9D242B51B4E200F12F9C /* Debug */ = {
			isa = XCBuildConfiguration;
			buildSettings = {
				ALWAYS_EMBED_SWIFT_STANDARD_LIBRARIES = YES;
				CODE_SIGN_STYLE = Automatic;
				CURRENT_PROJECT_VERSION = 1;
				DEVELOPMENT_TEAM = J89XP6WQS5;
				GENERATE_INFOPLIST_FILE = YES;
				MARKETING_VERSION = 1.0;
				PRODUCT_BUNDLE_IDENTIFIER = First.CourseChallengeTabBarUITests;
				PRODUCT_NAME = "$(TARGET_NAME)";
				SWIFT_EMIT_LOC_STRINGS = NO;
				SWIFT_VERSION = 5.0;
				TARGETED_DEVICE_FAMILY = "1,2";
				TEST_TARGET_NAME = CourseChallengeTabBar;
			};
			name = Debug;
		};
		6CCE9D252B51B4E200F12F9C /* Release */ = {
			isa = XCBuildConfiguration;
			buildSettings = {
				ALWAYS_EMBED_SWIFT_STANDARD_LIBRARIES = YES;
				CODE_SIGN_STYLE = Automatic;
				CURRENT_PROJECT_VERSION = 1;
				DEVELOPMENT_TEAM = J89XP6WQS5;
				GENERATE_INFOPLIST_FILE = YES;
				MARKETING_VERSION = 1.0;
				PRODUCT_BUNDLE_IDENTIFIER = First.CourseChallengeTabBarUITests;
				PRODUCT_NAME = "$(TARGET_NAME)";
				SWIFT_EMIT_LOC_STRINGS = NO;
				SWIFT_VERSION = 5.0;
				TARGETED_DEVICE_FAMILY = "1,2";
				TEST_TARGET_NAME = CourseChallengeTabBar;
			};
			name = Release;
		};
/* End XCBuildConfiguration section */

/* Begin XCConfigurationList section */
		6CCE9CEE2B51B4DF00F12F9C /* Build configuration list for PBXProject "CourseChallengeTabBar" */ = {
			isa = XCConfigurationList;
			buildConfigurations = (
				6CCE9D1B2B51B4E200F12F9C /* Debug */,
				6CCE9D1C2B51B4E200F12F9C /* Release */,
			);
			defaultConfigurationIsVisible = 0;
			defaultConfigurationName = Release;
		};
		6CCE9D1D2B51B4E200F12F9C /* Build configuration list for PBXNativeTarget "CourseChallengeTabBar" */ = {
			isa = XCConfigurationList;
			buildConfigurations = (
				6CCE9D1E2B51B4E200F12F9C /* Debug */,
				6CCE9D1F2B51B4E200F12F9C /* Release */,
			);
			defaultConfigurationIsVisible = 0;
			defaultConfigurationName = Release;
		};
		6CCE9D202B51B4E200F12F9C /* Build configuration list for PBXNativeTarget "CourseChallengeTabBarTests" */ = {
			isa = XCConfigurationList;
			buildConfigurations = (
				6CCE9D212B51B4E200F12F9C /* Debug */,
				6CCE9D222B51B4E200F12F9C /* Release */,
			);
			defaultConfigurationIsVisible = 0;
			defaultConfigurationName = Release;
		};
		6CCE9D232B51B4E200F12F9C /* Build configuration list for PBXNativeTarget "CourseChallengeTabBarUITests" */ = {
			isa = XCConfigurationList;
			buildConfigurations = (
				6CCE9D242B51B4E200F12F9C /* Debug */,
				6CCE9D252B51B4E200F12F9C /* Release */,
			);
			defaultConfigurationIsVisible = 0;
			defaultConfigurationName = Release;
		};
/* End XCConfigurationList section */
	};
	rootObject = 6CCE9CEB2B51B4DF00F12F9C /* Project object */;
}
